// !$*UTF8*$!
{
	archiveVersion = 1;
	classes = {
	};
	objectVersion = 46;
	objects = {

/* Begin PBXBuildFile section */
		170024DD1D6716A200FA1E71 /* TestView.m in Sources */ = {isa = PBXBuildFile; fileRef = 170024DC1D6716A200FA1E71 /* TestView.m */; };
		215D52431D6672F200AA0014 /* main.m in Sources */ = {isa = PBXBuildFile; fileRef = 215D52421D6672F200AA0014 /* main.m */; };
		215D52461D6672F200AA0014 /* AppDelegate.m in Sources */ = {isa = PBXBuildFile; fileRef = 215D52451D6672F200AA0014 /* AppDelegate.m */; };
		215D52491D6672F200AA0014 /* ViewController.m in Sources */ = {isa = PBXBuildFile; fileRef = 215D52481D6672F200AA0014 /* ViewController.m */; };
		215D524C1D6672F200AA0014 /* Main.storyboard in Resources */ = {isa = PBXBuildFile; fileRef = 215D524A1D6672F200AA0014 /* Main.storyboard */; };
		215D524E1D6672F200AA0014 /* Assets.xcassets in Resources */ = {isa = PBXBuildFile; fileRef = 215D524D1D6672F200AA0014 /* Assets.xcassets */; };
		215D52511D6672F200AA0014 /* LaunchScreen.storyboard in Resources */ = {isa = PBXBuildFile; fileRef = 215D524F1D6672F200AA0014 /* LaunchScreen.storyboard */; };
/* End PBXBuildFile section */

/* Begin PBXFileReference section */
		170024DB1D6716A200FA1E71 /* TestView.h */ = {isa = PBXFileReference; fileEncoding = 4; lastKnownFileType = sourcecode.c.h; path = TestView.h; sourceTree = "<group>"; };
		170024DC1D6716A200FA1E71 /* TestView.m */ = {isa = PBXFileReference; fileEncoding = 4; lastKnownFileType = sourcecode.c.objc; path = TestView.m; sourceTree = "<group>"; };
		215D523E1D6672F200AA0014 /* textLayout.app */ = {isa = PBXFileReference; explicitFileType = wrapper.application; includeInIndex = 0; path = textLayout.app; sourceTree = BUILT_PRODUCTS_DIR; };
		215D52421D6672F200AA0014 /* main.m */ = {isa = PBXFileReference; lastKnownFileType = sourcecode.c.objc; path = main.m; sourceTree = "<group>"; };
		215D52441D6672F200AA0014 /* AppDelegate.h */ = {isa = PBXFileReference; lastKnownFileType = sourcecode.c.h; path = AppDelegate.h; sourceTree = "<group>"; };
		215D52451D6672F200AA0014 /* AppDelegate.m */ = {isa = PBXFileReference; lastKnownFileType = sourcecode.c.objc; path = AppDelegate.m; sourceTree = "<group>"; };
		215D52471D6672F200AA0014 /* ViewController.h */ = {isa = PBXFileReference; lastKnownFileType = sourcecode.c.h; path = ViewController.h; sourceTree = "<group>"; };
		215D52481D6672F200AA0014 /* ViewController.m */ = {isa = PBXFileReference; lastKnownFileType = sourcecode.c.objc; path = ViewController.m; sourceTree = "<group>"; };
		215D524B1D6672F200AA0014 /* Base */ = {isa = PBXFileReference; lastKnownFileType = file.storyboard; name = Base; path = Base.lproj/Main.storyboard; sourceTree = "<group>"; };
		215D524D1D6672F200AA0014 /* Assets.xcassets */ = {isa = PBXFileReference; lastKnownFileType = folder.assetcatalog; path = Assets.xcassets; sourceTree = "<group>"; };
		215D52501D6672F200AA0014 /* Base */ = {isa = PBXFileReference; lastKnownFileType = file.storyboard; name = Base; path = Base.lproj/LaunchScreen.storyboard; sourceTree = "<group>"; };
		215D52521D6672F200AA0014 /* Info.plist */ = {isa = PBXFileReference; lastKnownFileType = text.plist.xml; path = Info.plist; sourceTree = "<group>"; };
/* End PBXFileReference section */

/* Begin PBXFrameworksBuildPhase section */
		215D523B1D6672F200AA0014 /* Frameworks */ = {
			isa = PBXFrameworksBuildPhase;
			buildActionMask = 2147483647;
			files = (
			);
			runOnlyForDeploymentPostprocessing = 0;
		};
/* End PBXFrameworksBuildPhase section */

/* Begin PBXGroup section */
		215D52351D6672F200AA0014 = {
			isa = PBXGroup;
			children = (
				215D52401D6672F200AA0014 /* textLayout */,
				215D523F1D6672F200AA0014 /* Products */,
			);
			sourceTree = "<group>";
		};
		215D523F1D6672F200AA0014 /* Products */ = {
			isa = PBXGroup;
			children = (
				215D523E1D6672F200AA0014 /* textLayout.app */,
			);
			name = Products;
			sourceTree = "<group>";
		};
		215D52401D6672F200AA0014 /* textLayout */ = {
			isa = PBXGroup;
			children = (
				215D52441D6672F200AA0014 /* AppDelegate.h */,
				215D52451D6672F200AA0014 /* AppDelegate.m */,
				215D52471D6672F200AA0014 /* ViewController.h */,
				215D52481D6672F200AA0014 /* ViewController.m */,
				215D524A1D6672F200AA0014 /* Main.storyboard */,
				215D524D1D6672F200AA0014 /* Assets.xcassets */,
				215D524F1D6672F200AA0014 /* LaunchScreen.storyboard */,
				215D52521D6672F200AA0014 /* Info.plist */,
				215D52411D6672F200AA0014 /* Supporting Files */,
				170024DB1D6716A200FA1E71 /* TestView.h */,
				170024DC1D6716A200FA1E71 /* TestView.m */,
			);
			path = textLayout;
			sourceTree = "<group>";
		};
		215D52411D6672F200AA0014 /* Supporting Files */ = {
			isa = PBXGroup;
			children = (
				215D52421D6672F200AA0014 /* main.m */,
			);
			name = "Supporting Files";
			sourceTree = "<group>";
		};
/* End PBXGroup section */

/* Begin PBXNativeTarget section */
		215D523D1D6672F200AA0014 /* textLayout */ = {
			isa = PBXNativeTarget;
			buildConfigurationList = 215D52551D6672F200AA0014 /* Build configuration list for PBXNativeTarget "textLayout" */;
			buildPhases = (
				215D523A1D6672F200AA0014 /* Sources */,
				215D523B1D6672F200AA0014 /* Frameworks */,
				215D523C1D6672F200AA0014 /* Resources */,
			);
			buildRules = (
			);
			dependencies = (
			);
			name = textLayout;
			productName = textLayout;
			productReference = 215D523E1D6672F200AA0014 /* textLayout.app */;
			productType = "com.apple.product-type.application";
		};
/* End PBXNativeTarget section */

/* Begin PBXProject section */
		215D52361D6672F200AA0014 /* Project object */ = {
			isa = PBXProject;
			attributes = {
				LastUpgradeCheck = 0730;
				ORGANIZATIONNAME = "Sourav Ray";
				TargetAttributes = {
					215D523D1D6672F200AA0014 = {
						CreatedOnToolsVersion = 7.3.1;
					};
				};
			};
			buildConfigurationList = 215D52391D6672F200AA0014 /* Build configuration list for PBXProject "textLayout" */;
			compatibilityVersion = "Xcode 3.2";
			developmentRegion = English;
			hasScannedForEncodings = 0;
			knownRegions = (
				en,
				Base,
			);
			mainGroup = 215D52351D6672F200AA0014;
			productRefGroup = 215D523F1D6672F200AA0014 /* Products */;
			projectDirPath = "";
			projectRoot = "";
			targets = (
				215D523D1D6672F200AA0014 /* textLayout */,
			);
		};
/* End PBXProject section */

/* Begin PBXResourcesBuildPhase section */
		215D523C1D6672F200AA0014 /* Resources */ = {
			isa = PBXResourcesBuildPhase;
			buildActionMask = 2147483647;
			files = (
				215D52511D6672F200AA0014 /* LaunchScreen.storyboard in Resources */,
				215D524E1D6672F200AA0014 /* Assets.xcassets in Resources */,
				215D524C1D6672F200AA0014 /* Main.storyboard in Resources */,
			);
			runOnlyForDeploymentPostprocessing = 0;
		};
/* End PBXResourcesBuildPhase section */

/* Begin PBXSourcesBuildPhase section */
		215D523A1D6672F200AA0014 /* Sources */ = {
			isa = PBXSourcesBuildPhase;
			buildActionMask = 2147483647;
			files = (
				170024DD1D6716A200FA1E71 /* TestView.m in Sources */,
				215D52491D6672F200AA0014 /* ViewController.m in Sources */,
				215D52461D6672F200AA0014 /* AppDelegate.m in Sources */,
				215D52431D6672F200AA0014 /* main.m in Sources */,
			);
			runOnlyForDeploymentPostprocessing = 0;
		};
/* End PBXSourcesBuildPhase section */

/* Begin PBXVariantGroup section */
		215D524A1D6672F200AA0014 /* Main.storyboard */ = {
			isa = PBXVariantGroup;
			children = (
				215D524B1D6672F200AA0014 /* Base */,
			);
			name = Main.storyboard;
			sourceTree = "<group>";
		};
		215D524F1D6672F200AA0014 /* LaunchScreen.storyboard */ = {
			isa = PBXVariantGroup;
			children = (
				215D52501D6672F200AA0014 /* Base */,
			);
			name = LaunchScreen.storyboard;
			sourceTree = "<group>";
		};
/* End PBXVariantGroup section */

/* Begin XCBuildConfiguration section */
		215D52531D6672F200AA0014 /* Debug */ = {
			isa = XCBuildConfiguration;
			buildSettings = {
				ALWAYS_SEARCH_USER_PATHS = NO;
				CLANG_ANALYZER_NONNULL = YES;
				CLANG_CXX_LANGUAGE_STANDARD = "gnu++0x";
				CLANG_CXX_LIBRARY = "libc++";
				CLANG_ENABLE_MODULES = YES;
				CLANG_ENABLE_OBJC_ARC = YES;
				CLANG_WARN_BOOL_CONVERSION = YES;
				CLANG_WARN_CONSTANT_CONVERSION = YES;
				CLANG_WARN_DIRECT_OBJC_ISA_USAGE = YES_ERROR;
				CLANG_WARN_EMPTY_BODY = YES;
				CLANG_WARN_ENUM_CONVERSION = YES;
				CLANG_WARN_INT_CONVERSION = YES;
				CLANG_WARN_OBJC_ROOT_CLASS = YES_ERROR;
				CLANG_WARN_UNREACHABLE_CODE = YES;
				CLANG_WARN__DUPLICATE_METHOD_MATCH = YES;
				"CODE_SIGN_IDENTITY[sdk=iphoneos*]" = "iPhone Developer";
				COPY_PHASE_STRIP = NO;
				DEBUG_INFORMATION_FORMAT = dwarf;
				ENABLE_STRICT_OBJC_MSGSEND = YES;
				ENABLE_TESTABILITY = YES;
				GCC_C_LANGUAGE_STANDARD = gnu99;
				GCC_DYNAMIC_NO_PIC = NO;
				GCC_NO_COMMON_BLOCKS = YES;
				GCC_OPTIMIZATION_LEVEL = 0;
				GCC_PREPROCESSOR_DEFINITIONS = (
					"DEBUG=1",
					"$(inherited)",
				);
				GCC_WARN_64_TO_32_BIT_CONVERSION = YES;
				GCC_WARN_ABOUT_RETURN_TYPE = YES_ERROR;
				GCC_WARN_UNDECLARED_SELECTOR = YES;
				GCC_WARN_UNINITIALIZED_AUTOS = YES_AGGRESSIVE;
				GCC_WARN_UNUSED_FUNCTION = YES;
				GCC_WARN_UNUSED_VARIABLE = YES;
				IPHONEOS_DEPLOYMENT_TARGET = 9.3;
				MTL_ENABLE_DEBUG_INFO = YES;
				ONLY_ACTIVE_ARCH = YES;
				SDKROOT = iphoneos;
				TARGETED_DEVICE_FAMILY = 2;
			};
			name = Debug;
		};
		215D52541D6672F200AA0014 /* Release */ = {
			isa = XCBuildConfiguration;
			buildSettings = {
				ALWAYS_SEARCH_USER_PATHS = NO;
				CLANG_ANALYZER_NONNULL = YES;
				CLANG_CXX_LANGUAGE_STANDARD = "gnu++0x";
				CLANG_CXX_LIBRARY = "libc++";
				CLANG_ENABLE_MODULES = YES;
				CLANG_ENABLE_OBJC_ARC = YES;
				CLANG_WARN_BOOL_CONVERSION = YES;
				CLANG_WARN_CONSTANT_CONVERSION = YES;
				CLANG_WARN_DIRECT_OBJC_ISA_USAGE = YES_ERROR;
				CLANG_WARN_EMPTY_BODY = YES;
				CLANG_WARN_ENUM_CONVERSION = YES;
				CLANG_WARN_INT_CONVERSION = YES;
				CLANG_WARN_OBJC_ROOT_CLASS = YES_ERROR;
				CLANG_WARN_UNREACHABLE_CODE = YES;
				CLANG_WARN__DUPLICATE_METHOD_MATCH = YES;
				"CODE_SIGN_IDENTITY[sdk=iphoneos*]" = "iPhone Developer";
				COPY_PHASE_STRIP = NO;
				DEBUG_INFORMATION_FORMAT = "dwarf-with-dsym";
				ENABLE_NS_ASSERTIONS = NO;
				ENABLE_STRICT_OBJC_MSGSEND = YES;
				GCC_C_LANGUAGE_STANDARD = gnu99;
				GCC_NO_COMMON_BLOCKS = YES;
				GCC_WARN_64_TO_32_BIT_CONVERSION = YES;
				GCC_WARN_ABOUT_RETURN_TYPE = YES_ERROR;
				GCC_WARN_UNDECLARED_SELECTOR = YES;
				GCC_WARN_UNINITIALIZED_AUTOS = YES_AGGRESSIVE;
				GCC_WARN_UNUSED_FUNCTION = YES;
				GCC_WARN_UNUSED_VARIABLE = YES;
				IPHONEOS_DEPLOYMENT_TARGET = 9.3;
				MTL_ENABLE_DEBUG_INFO = NO;
				SDKROOT = iphoneos;
				TARGETED_DEVICE_FAMILY = 2;
				VALIDATE_PRODUCT = YES;
			};
			name = Release;
		};
		215D52561D6672F200AA0014 /* Debug */ = {
			isa = XCBuildConfiguration;
			buildSettings = {
				ASSETCATALOG_COMPILER_APPICON_NAME = AppIcon;
				INFOPLIST_FILE = textLayout/Info.plist;
				LD_RUNPATH_SEARCH_PATHS = "$(inherited) @executable_path/Frameworks";
				PRODUCT_BUNDLE_IDENTIFIER = raysourav.com.textLayout;
				PRODUCT_NAME = "$(TARGET_NAME)";
			};
			name = Debug;
		};
		215D52571D6672F200AA0014 /* Release */ = {
			isa = XCBuildConfiguration;
			buildSettings = {
				ASSETCATALOG_COMPILER_APPICON_NAME = AppIcon;
				INFOPLIST_FILE = textLayout/Info.plist;
				LD_RUNPATH_SEARCH_PATHS = "$(inherited) @executable_path/Frameworks";
				PRODUCT_BUNDLE_IDENTIFIER = raysourav.com.textLayout;
				PRODUCT_NAME = "$(TARGET_NAME)";
			};
			name = Release;
		};
/* End XCBuildConfiguration section */

/* Begin XCConfigurationList section */
		215D52391D6672F200AA0014 /* Build configuration list for PBXProject "textLayout" */ = {
			isa = XCConfigurationList;
			buildConfigurations = (
				215D52531D6672F200AA0014 /* Debug */,
				215D52541D6672F200AA0014 /* Release */,
			);
			defaultConfigurationIsVisible = 0;
			defaultConfigurationName = Release;
		};
		215D52551D6672F200AA0014 /* Build configuration list for PBXNativeTarget "textLayout" */ = {
			isa = XCConfigurationList;
			buildConfigurations = (
				215D52561D6672F200AA0014 /* Debug */,
				215D52571D6672F200AA0014 /* Release */,
			);
			defaultConfigurationIsVisible = 0;
			defaultConfigurationName = Release;
		};
/* End XCConfigurationList section */
	};
	rootObject = 215D52361D6672F200AA0014 /* Project object */;
}
